
Microsoft Visual Studio Solution File, Format Version 12.00
# Visual Studio 15
VisualStudioVersion = 15.0.27428.1
MinimumVisualStudioVersion = 10.0.40219.1
Project("{9A19103F-16F7-4668-BE54-9A1E7A4F7556}") = "PDSI.MCP.TicketSync", "PDSI.MCP.TicketSync\PDSI.MCP.TicketSync.csproj", "{6DBDAD10-FBCD-458B-B00C-2B014A9E00C0}"
EndProject
Project("{9A19103F-16F7-4668-BE54-9A1E7A4F7556}") = "PDSI.SmarterTrackClient", "PDSI.SmarterTrackClient\PDSI.SmarterTrackClient.csproj", "{FDC4F1EA-D848-4EE5-B07C-0D303429E07F}"
EndProject
Project("{9A19103F-16F7-4668-BE54-9A1E7A4F7556}") = "PDSI.MCP.TicketSync.Test", "PDSI.MCP.TicketSync.Test\PDSI.MCP.TicketSync.Test.csproj", "{B9EFA367-6812-49D0-8C09-D002E8A2F798}"
EndProject
Global
	GlobalSection(SolutionConfigurationPlatforms) = preSolution
		Debug|Any CPU = Debug|Any CPU
		Release|Any CPU = Release|Any CPU
	EndGlobalSection
	GlobalSection(ProjectConfigurationPlatforms) = postSolution
		{6DBDAD10-FBCD-458B-B00C-2B014A9E00C0}.Debug|Any CPU.ActiveCfg = Debug|Any CPU
		{6DBDAD10-FBCD-458B-B00C-2B014A9E00C0}.Debug|Any CPU.Build.0 = Debug|Any CPU
		{6DBDAD10-FBCD-458B-B00C-2B014A9E00C0}.Release|Any CPU.ActiveCfg = Release|Any CPU
		{6DBDAD10-FBCD-458B-B00C-2B014A9E00C0}.Release|Any CPU.Build.0 = Release|Any CPU
		{FDC4F1EA-D848-4EE5-B07C-0D303429E07F}.Debug|Any CPU.ActiveCfg = Debug|Any CPU
		{FDC4F1EA-D848-4EE5-B07C-0D303429E07F}.Debug|Any CPU.Build.0 = Debug|Any CPU
		{FDC4F1EA-D848-4EE5-B07C-0D303429E07F}.Release|Any CPU.ActiveCfg = Release|Any CPU
		{FDC4F1EA-D848-4EE5-B07C-0D303429E07F}.Release|Any CPU.Build.0 = Release|Any CPU
		{B9EFA367-6812-49D0-8C09-D002E8A2F798}.Debug|Any CPU.ActiveCfg = Debug|Any CPU
		{B9EFA367-6812-49D0-8C09-D002E8A2F798}.Debug|Any CPU.Build.0 = Debug|Any CPU
		{B9EFA367-6812-49D0-8C09-D002E8A2F798}.Release|Any CPU.ActiveCfg = Release|Any CPU
		{B9EFA367-6812-49D0-8C09-D002E8A2F798}.Release|Any CPU.Build.0 = Release|Any CPU
	EndGlobalSection
	GlobalSection(SolutionProperties) = preSolution
		HideSolutionNode = FALSE
	EndGlobalSection
	GlobalSection(ExtensibilityGlobals) = postSolution
		SolutionGuid = {5758532E-0D84-44AF-A7C2-40392CB4D623}
	EndGlobalSection
EndGlobal
